
Microsoft Visual Studio Solution File, Format Version 12.00
# Visual Studio Version 17
VisualStudioVersion = 17.0.31903.59
MinimumVisualStudioVersion = 10.0.40219.1
Project("{2150E333-8FDC-42A3-9474-1A3956D46DE8}") = "ClientGateway", "ClientGateway", "{99813F9E-6EBA-4F11-9DB8-CCF1C99E1C28}"
EndProject
Project("{FAE04EC0-301F-11D3-BF4B-00C04F79EFBC}") = "ClientGateway", "ClientGateway\ClientGateway\ClientGateway.csproj", "{2ECCEFB1-6D93-42F9-A0FF-31A9793549A0}"
EndProject
Project("{FAE04EC0-301F-11D3-BF4B-00C04F79EFBC}") = "Domain", "ClientGateway\Domain\Domain.csproj", "{A0CBF7E8-C328-4F07-932E-44CFC0BD8819}"
EndProject
Project("{FAE04EC0-301F-11D3-BF4B-00C04F79EFBC}") = "Domain", "Domain\Domain.csproj", "{30B5E7F4-E3A9-4F94-AB4B-76BFFF19E03F}"
EndProject
Project("{2150E333-8FDC-42A3-9474-1A3956D46DE8}") = "MatchingService", "MatchingService", "{7D0C700B-3DC0-49A3-9D8D-1919FAF53EBC}"
EndProject
Project("{FAE04EC0-301F-11D3-BF4B-00C04F79EFBC}") = "MatchingService", "MatchingService\MatchingService\MatchingService.csproj", "{5611B7BA-414B-4AA9-BC3D-C2CFFE7BA081}"
EndProject
Project("{FAE04EC0-301F-11D3-BF4B-00C04F79EFBC}") = "Domain", "MatchingService\Domain\Domain.csproj", "{925305D5-746D-44A1-92A3-4EB0C0F6AA05}"
EndProject
Project("{2150E333-8FDC-42A3-9474-1A3956D46DE8}") = "OrderManager", "OrderManager", "{0F71C6AB-34C9-4A9E-BACC-F03E799452E6}"
EndProject
Project("{FAE04EC0-301F-11D3-BF4B-00C04F79EFBC}") = "OrderManager", "OrderManager\OrderManager\OrderManager.csproj", "{9531BCDF-0299-49BF-9AEE-07E0766CE42A}"
EndProject
Project("{FAE04EC0-301F-11D3-BF4B-00C04F79EFBC}") = "Domain", "OrderManager\Domain\Domain.csproj", "{31D0979F-A05B-4862-8E28-CF260AE4D1CB}"
EndProject
Project("{2150E333-8FDC-42A3-9474-1A3956D46DE8}") = "Sequencer", "Sequencer", "{20C9262E-C6BD-4C6C-BC60-ACCACFCE7337}"
EndProject
Project("{FAE04EC0-301F-11D3-BF4B-00C04F79EFBC}") = "Sequencer", "Sequencer\Sequencer\Sequencer.csproj", "{554D798E-7C73-427C-91C6-3BC40773B3E6}"
EndProject
Project("{FAE04EC0-301F-11D3-BF4B-00C04F79EFBC}") = "Domain", "Sequencer\Domain\Domain.csproj", "{85E1AB72-B394-4254-BECB-877F96ECDFAF}"
EndProject
Global
	GlobalSection(SolutionConfigurationPlatforms) = preSolution
		Debug|Any CPU = Debug|Any CPU
		Release|Any CPU = Release|Any CPU
	EndGlobalSection
	GlobalSection(SolutionProperties) = preSolution
		HideSolutionNode = FALSE
	EndGlobalSection
	GlobalSection(ProjectConfigurationPlatforms) = postSolution
		{2ECCEFB1-6D93-42F9-A0FF-31A9793549A0}.Debug|Any CPU.ActiveCfg = Debug|Any CPU
		{2ECCEFB1-6D93-42F9-A0FF-31A9793549A0}.Debug|Any CPU.Build.0 = Debug|Any CPU
		{2ECCEFB1-6D93-42F9-A0FF-31A9793549A0}.Release|Any CPU.ActiveCfg = Release|Any CPU
		{2ECCEFB1-6D93-42F9-A0FF-31A9793549A0}.Release|Any CPU.Build.0 = Release|Any CPU
		{A0CBF7E8-C328-4F07-932E-44CFC0BD8819}.Debug|Any CPU.ActiveCfg = Debug|Any CPU
		{A0CBF7E8-C328-4F07-932E-44CFC0BD8819}.Debug|Any CPU.Build.0 = Debug|Any CPU
		{A0CBF7E8-C328-4F07-932E-44CFC0BD8819}.Release|Any CPU.ActiveCfg = Release|Any CPU
		{A0CBF7E8-C328-4F07-932E-44CFC0BD8819}.Release|Any CPU.Build.0 = Release|Any CPU
		{30B5E7F4-E3A9-4F94-AB4B-76BFFF19E03F}.Debug|Any CPU.ActiveCfg = Debug|Any CPU
		{30B5E7F4-E3A9-4F94-AB4B-76BFFF19E03F}.Debug|Any CPU.Build.0 = Debug|Any CPU
		{30B5E7F4-E3A9-4F94-AB4B-76BFFF19E03F}.Release|Any CPU.ActiveCfg = Release|Any CPU
		{30B5E7F4-E3A9-4F94-AB4B-76BFFF19E03F}.Release|Any CPU.Build.0 = Release|Any CPU
		{5611B7BA-414B-4AA9-BC3D-C2CFFE7BA081}.Debug|Any CPU.ActiveCfg = Debug|Any CPU
		{5611B7BA-414B-4AA9-BC3D-C2CFFE7BA081}.Debug|Any CPU.Build.0 = Debug|Any CPU
		{5611B7BA-414B-4AA9-BC3D-C2CFFE7BA081}.Release|Any CPU.ActiveCfg = Release|Any CPU
		{5611B7BA-414B-4AA9-BC3D-C2CFFE7BA081}.Release|Any CPU.Build.0 = Release|Any CPU
		{925305D5-746D-44A1-92A3-4EB0C0F6AA05}.Debug|Any CPU.ActiveCfg = Debug|Any CPU
		{925305D5-746D-44A1-92A3-4EB0C0F6AA05}.Debug|Any CPU.Build.0 = Debug|Any CPU
		{925305D5-746D-44A1-92A3-4EB0C0F6AA05}.Release|Any CPU.ActiveCfg = Release|Any CPU
		{925305D5-746D-44A1-92A3-4EB0C0F6AA05}.Release|Any CPU.Build.0 = Release|Any CPU
		{9531BCDF-0299-49BF-9AEE-07E0766CE42A}.Debug|Any CPU.ActiveCfg = Debug|Any CPU
		{9531BCDF-0299-49BF-9AEE-07E0766CE42A}.Debug|Any CPU.Build.0 = Debug|Any CPU
		{9531BCDF-0299-49BF-9AEE-07E0766CE42A}.Release|Any CPU.ActiveCfg = Release|Any CPU
		{9531BCDF-0299-49BF-9AEE-07E0766CE42A}.Release|Any CPU.Build.0 = Release|Any CPU
		{31D0979F-A05B-4862-8E28-CF260AE4D1CB}.Debug|Any CPU.ActiveCfg = Debug|Any CPU
		{31D0979F-A05B-4862-8E28-CF260AE4D1CB}.Debug|Any CPU.Build.0 = Debug|Any CPU
		{31D0979F-A05B-4862-8E28-CF260AE4D1CB}.Release|Any CPU.ActiveCfg = Release|Any CPU
		{31D0979F-A05B-4862-8E28-CF260AE4D1CB}.Release|Any CPU.Build.0 = Release|Any CPU
		{554D798E-7C73-427C-91C6-3BC40773B3E6}.Debug|Any CPU.ActiveCfg = Debug|Any CPU
		{554D798E-7C73-427C-91C6-3BC40773B3E6}.Debug|Any CPU.Build.0 = Debug|Any CPU
		{554D798E-7C73-427C-91C6-3BC40773B3E6}.Release|Any CPU.ActiveCfg = Release|Any CPU
		{554D798E-7C73-427C-91C6-3BC40773B3E6}.Release|Any CPU.Build.0 = Release|Any CPU
		{85E1AB72-B394-4254-BECB-877F96ECDFAF}.Debug|Any CPU.ActiveCfg = Debug|Any CPU
		{85E1AB72-B394-4254-BECB-877F96ECDFAF}.Debug|Any CPU.Build.0 = Debug|Any CPU
		{85E1AB72-B394-4254-BECB-877F96ECDFAF}.Release|Any CPU.ActiveCfg = Release|Any CPU
		{85E1AB72-B394-4254-BECB-877F96ECDFAF}.Release|Any CPU.Build.0 = Release|Any CPU
	EndGlobalSection
	GlobalSection(NestedProjects) = preSolution
		{2ECCEFB1-6D93-42F9-A0FF-31A9793549A0} = {99813F9E-6EBA-4F11-9DB8-CCF1C99E1C28}
		{A0CBF7E8-C328-4F07-932E-44CFC0BD8819} = {99813F9E-6EBA-4F11-9DB8-CCF1C99E1C28}
		{5611B7BA-414B-4AA9-BC3D-C2CFFE7BA081} = {7D0C700B-3DC0-49A3-9D8D-1919FAF53EBC}
		{925305D5-746D-44A1-92A3-4EB0C0F6AA05} = {7D0C700B-3DC0-49A3-9D8D-1919FAF53EBC}
		{9531BCDF-0299-49BF-9AEE-07E0766CE42A} = {0F71C6AB-34C9-4A9E-BACC-F03E799452E6}
		{31D0979F-A05B-4862-8E28-CF260AE4D1CB} = {0F71C6AB-34C9-4A9E-BACC-F03E799452E6}
		{554D798E-7C73-427C-91C6-3BC40773B3E6} = {20C9262E-C6BD-4C6C-BC60-ACCACFCE7337}
		{85E1AB72-B394-4254-BECB-877F96ECDFAF} = {20C9262E-C6BD-4C6C-BC60-ACCACFCE7337}
	EndGlobalSection
EndGlobal
